
Microsoft Visual Studio Solution File, Format Version 12.00
# Visual Studio Version 17
VisualStudioVersion = 17.0.31912.275
MinimumVisualStudioVersion = 10.0.40219.1
Project("{9A19103F-16F7-4668-BE54-9A1E7A4F7556}") = "Overleaf.Cake.Frosting", "Overleaf.Cake.Frosting\Overleaf.Cake.Frosting.csproj", "{102C9917-C34E-4E29-9683-7E856A6CD48C}"
EndProject
Project("{2150E333-8FDC-42A3-9474-1A3956D46DE8}") = "build", "build", "{700BF0E2-CFCC-439A-9725-84C41536CDA7}"
EndProject
Project("{9A19103F-16F7-4668-BE54-9A1E7A4F7556}") = "Build", "build\Build.csproj", "{D7E1EA77-C84D-49F6-9315-996C55260240}"
EndProject
Global
	GlobalSection(SolutionConfigurationPlatforms) = preSolution
		Debug|Any CPU = Debug|Any CPU
		Release|Any CPU = Release|Any CPU
	EndGlobalSection
	GlobalSection(ProjectConfigurationPlatforms) = postSolution
		{102C9917-C34E-4E29-9683-7E856A6CD48C}.Debug|Any CPU.ActiveCfg = Debug|Any CPU
		{102C9917-C34E-4E29-9683-7E856A6CD48C}.Debug|Any CPU.Build.0 = Debug|Any CPU
		{102C9917-C34E-4E29-9683-7E856A6CD48C}.Release|Any CPU.ActiveCfg = Release|Any CPU
		{102C9917-C34E-4E29-9683-7E856A6CD48C}.Release|Any CPU.Build.0 = Release|Any CPU
		{D7E1EA77-C84D-49F6-9315-996C55260240}.Debug|Any CPU.ActiveCfg = Debug|Any CPU
		{D7E1EA77-C84D-49F6-9315-996C55260240}.Debug|Any CPU.Build.0 = Debug|Any CPU
		{D7E1EA77-C84D-49F6-9315-996C55260240}.Release|Any CPU.ActiveCfg = Release|Any CPU
		{D7E1EA77-C84D-49F6-9315-996C55260240}.Release|Any CPU.Build.0 = Release|Any CPU
	EndGlobalSection
	GlobalSection(SolutionProperties) = preSolution
		HideSolutionNode = FALSE
	EndGlobalSection
	GlobalSection(NestedProjects) = preSolution
		{D7E1EA77-C84D-49F6-9315-996C55260240} = {700BF0E2-CFCC-439A-9725-84C41536CDA7}
	EndGlobalSection
	GlobalSection(ExtensibilityGlobals) = postSolution
		SolutionGuid = {5B7AAACE-1A01-4542-B3DD-5335D3E5BE3D}
	EndGlobalSection
EndGlobal
